
Microsoft Visual Studio Solution File, Format Version 12.00
# Visual Studio Version 16
VisualStudioVersion = 16.0.31702.278
MinimumVisualStudioVersion = 10.0.40219.1
Project("{FAE04EC0-301F-11D3-BF4B-00C04F79EFBC}") = "EasyShapes", "WindowsFormsApp3\EasyShapes.csproj", "{AF09E362-C3C2-4AA6-8DF2-845AE2A6F224}"
EndProject
Global
	GlobalSection(SolutionConfigurationPlatforms) = preSolution
		Debug|Any CPU = Debug|Any CPU
		Release|Any CPU = Release|Any CPU
	EndGlobalSection
	GlobalSection(ProjectConfigurationPlatforms) = postSolution
		{AF09E362-C3C2-4AA6-8DF2-845AE2A6F224}.Debug|Any CPU.ActiveCfg = Debug|Any CPU
		{AF09E362-C3C2-4AA6-8DF2-845AE2A6F224}.Debug|Any CPU.Build.0 = Debug|Any CPU
		{AF09E362-C3C2-4AA6-8DF2-845AE2A6F224}.Release|Any CPU.ActiveCfg = Release|Any CPU
		{AF09E362-C3C2-4AA6-8DF2-845AE2A6F224}.Release|Any CPU.Build.0 = Release|Any CPU
	EndGlobalSection
	GlobalSection(SolutionProperties) = preSolution
		HideSolutionNode = FALSE
	EndGlobalSection
	GlobalSection(ExtensibilityGlobals) = postSolution
		SolutionGuid = {EC4B2D45-85E9-4F36-AD75-B54E602623AE}
	EndGlobalSection
EndGlobal
